
Microsoft Visual Studio Solution File, Format Version 12.00
# Visual Studio Version 17
VisualStudioVersion = 17.9.34622.214
MinimumVisualStudioVersion = 10.0.40219.1
Project("{FAE04EC0-301F-11D3-BF4B-00C04F79EFBC}") = "ConsoleApp1", "ConsoleApp1\ConsoleApp1.csproj", "{ADA38BD4-FE07-4A86-A08B-63ECA5064626}"
EndProject
Project("{FAE04EC0-301F-11D3-BF4B-00C04F79EFBC}") = "TestProject1", "TestProject1\TestProject1.csproj", "{513419E6-0D7A-44D3-B6E9-2F7A1991361A}"
EndProject
Global
	GlobalSection(SolutionConfigurationPlatforms) = preSolution
		Debug|Any CPU = Debug|Any CPU
		Release|Any CPU = Release|Any CPU
	EndGlobalSection
	GlobalSection(ProjectConfigurationPlatforms) = postSolution
		{ADA38BD4-FE07-4A86-A08B-63ECA5064626}.Debug|Any CPU.ActiveCfg = Debug|Any CPU
		{ADA38BD4-FE07-4A86-A08B-63ECA5064626}.Debug|Any CPU.Build.0 = Debug|Any CPU
		{ADA38BD4-FE07-4A86-A08B-63ECA5064626}.Release|Any CPU.ActiveCfg = Release|Any CPU
		{ADA38BD4-FE07-4A86-A08B-63ECA5064626}.Release|Any CPU.Build.0 = Release|Any CPU
		{513419E6-0D7A-44D3-B6E9-2F7A1991361A}.Debug|Any CPU.ActiveCfg = Debug|Any CPU
		{513419E6-0D7A-44D3-B6E9-2F7A1991361A}.Debug|Any CPU.Build.0 = Debug|Any CPU
		{513419E6-0D7A-44D3-B6E9-2F7A1991361A}.Release|Any CPU.ActiveCfg = Release|Any CPU
		{513419E6-0D7A-44D3-B6E9-2F7A1991361A}.Release|Any CPU.Build.0 = Release|Any CPU
	EndGlobalSection
	GlobalSection(SolutionProperties) = preSolution
		HideSolutionNode = FALSE
	EndGlobalSection
	GlobalSection(ExtensibilityGlobals) = postSolution
		SolutionGuid = {A32A0806-2812-47B9-8A40-2DA397B85E56}
	EndGlobalSection
EndGlobal
